Microsoft Visual Studio Solution File, Format Version 12.00
# Visual Studio 2012
Project("{FAE04EC0-301F-11D3-BF4B-00C04F79EFBC}") = "game-of-thorns", "game-of-thorns.csproj", "{EBF1BA28-B3AA-4451-AE15-A4DE7D6C8787}"
EndProject
Global
	GlobalSection(SolutionConfigurationPlatforms) = preSolution
	Debug|Any CPU = Debug|Any CPU
	ExportDebug|Any CPU = ExportDebug|Any CPU
	ExportRelease|Any CPU = ExportRelease|Any CPU
	EndGlobalSection
	GlobalSection(ProjectConfigurationPlatforms) = postSolution
		{EBF1BA28-B3AA-4451-AE15-A4DE7D6C8787}.Debug|Any CPU.ActiveCfg = Debug|Any CPU
		{EBF1BA28-B3AA-4451-AE15-A4DE7D6C8787}.Debug|Any CPU.Build.0 = Debug|Any CPU
		{EBF1BA28-B3AA-4451-AE15-A4DE7D6C8787}.ExportDebug|Any CPU.ActiveCfg = ExportDebug|Any CPU
		{EBF1BA28-B3AA-4451-AE15-A4DE7D6C8787}.ExportDebug|Any CPU.Build.0 = ExportDebug|Any CPU
		{EBF1BA28-B3AA-4451-AE15-A4DE7D6C8787}.ExportRelease|Any CPU.ActiveCfg = ExportRelease|Any CPU
		{EBF1BA28-B3AA-4451-AE15-A4DE7D6C8787}.ExportRelease|Any CPU.Build.0 = ExportRelease|Any CPU
	EndGlobalSection
EndGlobal
